
Microsoft Visual Studio Solution File, Format Version 12.00
# Visual Studio Version 16
VisualStudioVersion = 16.0.29326.143
MinimumVisualStudioVersion = 10.0.40219.1
Project("{9A19103F-16F7-4668-BE54-9A1E7A4F7556}") = "I6SWD", "I6SWD.csproj", "{56889BBB-6861-4475-8EBC-8A0D9A647D81}"
EndProject
Global
	GlobalSection(SolutionConfigurationPlatforms) = preSolution
		Debug|Any CPU = Debug|Any CPU
		Release|Any CPU = Release|Any CPU
	EndGlobalSection
	GlobalSection(ProjectConfigurationPlatforms) = postSolution
		{56889BBB-6861-4475-8EBC-8A0D9A647D81}.Debug|Any CPU.ActiveCfg = Debug|Any CPU
		{56889BBB-6861-4475-8EBC-8A0D9A647D81}.Debug|Any CPU.Build.0 = Debug|Any CPU
		{56889BBB-6861-4475-8EBC-8A0D9A647D81}.Release|Any CPU.ActiveCfg = Release|Any CPU
		{56889BBB-6861-4475-8EBC-8A0D9A647D81}.Release|Any CPU.Build.0 = Release|Any CPU
	EndGlobalSection
	GlobalSection(SolutionProperties) = preSolution
		HideSolutionNode = FALSE
	EndGlobalSection
	GlobalSection(ExtensibilityGlobals) = postSolution
		SolutionGuid = {AFBEA1B0-5B61-4F42-ABF8-CEE577D7555D}
	EndGlobalSection
EndGlobal
